<?xml version="1.0" encoding="utf-8"?>
<Project ToolsVersion="4.0" xmlns="http://schemas.microsoft.com/developer/msbuild/2003">
  <ItemGroup>
    <Filter Include="win32">
      <UniqueIdentifier>{84a8ebd7-7cf0-47f6-b75e-d441df67da40}</UniqueIdentifier>
    </Filter>
    <Filter Include="resource">
      <UniqueIdentifier>{715254bc-d70b-4ec5-bf29-467dd3ace079}</UniqueIdentifier>
    </Filter>
    <Filter Include="Main">
      <UniqueIdentifier>{bb6c862e-70e9-49d9-81b7-3829a6f50471}</UniqueIdentifier>
    </Filter>
    <Filter Include="Utilities">
      <UniqueIdentifier>{c2ac823f-2510-497e-a6c4-97c97bda4865}</UniqueIdentifier>
    </Filter>
    <Filter Include="Math">
      <UniqueIdentifier>{24a07d1e-4c0e-40e6-852f-3750fc61375d}</UniqueIdentifier>
    </Filter>
    <Filter Include="SpriteAnimationSystem">
      <UniqueIdentifier>{995cd1ab-d1ae-4ed7-bf95-66f2670705a4}</UniqueIdentifier>
    </Filter>
    <Filter Include="IO">
      <UniqueIdentifier>{429de849-2b37-4e91-94eb-6eb83b026572}</UniqueIdentifier>
    </Filter>
    <Filter Include="GameObjects">
      <UniqueIdentifier>{efbb459e-9265-48d9-a1f6-6167739e9901}</UniqueIdentifier>
    </Filter>
    <Filter Include="Entity">
      <UniqueIdentifier>{dfd4d516-2bfa-4180-8919-f95166a8393c}</UniqueIdentifier>
    </Filter>
    <Filter Include="GameSystems">
      <UniqueIdentifier>{ea5ab1ca-f2f4-4bca-873a-eb0ae4d91dad}</UniqueIdentifier>
    </Filter>
  </ItemGroup>
  <ItemGroup>
    <ClCompile Include="main.cpp">
      <Filter>win32</Filter>
    </ClCompile>
    <ClCompile Include="..\Classes\Asteroids.cpp">
      <Filter>Main</Filter>
    </ClCompile>
    <ClCompile Include="..\Classes\AppDelegate.cpp">
      <Filter>Main</Filter>
    </ClCompile>
    <ClCompile Include="..\Classes\Utilities\Utilities.cpp">
      <Filter>Utilities</Filter>
    </ClCompile>
    <ClCompile Include="..\Classes\Math\ExtendedMath.cpp">
      <Filter>Math</Filter>
    </ClCompile>
    <ClCompile Include="..\Classes\SpriteAnimationSystem\SpriteAnimation.cpp">
      <Filter>SpriteAnimationSystem</Filter>
    </ClCompile>
    <ClCompile Include="..\Classes\SpriteAnimationSystem\SpriteAnimationCollection.cpp">
      <Filter>SpriteAnimationSystem</Filter>
    </ClCompile>
    <ClCompile Include="..\Classes\SpriteAnimationSystem\SpriteAnimationType.cpp">
      <Filter>SpriteAnimationSystem</Filter>
    </ClCompile>
    <ClCompile Include="..\Classes\IO\FileReader.cpp">
      <Filter>IO</Filter>
    </ClCompile>
    <ClCompile Include="..\Classes\IO\FileReaderMode.cpp">
      <Filter>IO</Filter>
    </ClCompile>
    <ClCompile Include="..\Classes\GameObjects\Projectile.cpp">
      <Filter>GameObjects</Filter>
    </ClCompile>
    <ClCompile Include="..\Classes\GameObjects\RotationDirection.cpp">
      <Filter>GameObjects</Filter>
    </ClCompile>
    <ClCompile Include="..\Classes\GameObjects\SpaceShip.cpp">
      <Filter>GameObjects</Filter>
    </ClCompile>
    <ClCompile Include="..\Classes\GameObjects\SpaceShipColour.cpp">
      <Filter>GameObjects</Filter>
    </ClCompile>
    <ClCompile Include="..\Classes\GameObjects\SpaceShipMovementDirection.cpp">
      <Filter>GameObjects</Filter>
    </ClCompile>
    <ClCompile Include="..\Classes\Utilities\Colour.cpp">
      <Filter>Utilities</Filter>
    </ClCompile>
    <ClCompile Include="..\Classes\Entity\AnimatedEntity2D.cpp">
      <Filter>Entity</Filter>
    </ClCompile>
    <ClCompile Include="..\Classes\Entity\Entity.cpp">
      <Filter>Entity</Filter>
    </ClCompile>
    <ClCompile Include="..\Classes\Entity\Entity2D.cpp">
      <Filter>Entity</Filter>
    </ClCompile>
    <ClCompile Include="..\Classes\GameSystems\ProjectileSystem.cpp">
      <Filter>GameSystems</Filter>
    </ClCompile>
    <ClCompile Include="..\Classes\GameSystems\SpaceShipSystem.cpp">
      <Filter>GameSystems</Filter>
    </ClCompile>
    <ClCompile Include="..\Classes\GameObjects\Asteroid.cpp">
      <Filter>GameObjects</Filter>
    </ClCompile>
    <ClCompile Include="..\Classes\GameObjects\AsteroidType.cpp">
      <Filter>GameObjects</Filter>
    </ClCompile>
    <ClCompile Include="..\Classes\GameObjects\Explosion.cpp">
      <Filter>GameObjects</Filter>
    </ClCompile>
    <ClCompile Include="..\Classes\GameSystems\AsteroidSystem.cpp">
      <Filter>GameSystems</Filter>
    </ClCompile>
    <ClCompile Include="..\Classes\GameSystems\CollisionSystem.cpp">
      <Filter>GameSystems</Filter>
    </ClCompile>
    <ClCompile Include="..\Classes\GameSystems\ExplosionSystem.cpp">
      <Filter>GameSystems</Filter>
    </ClCompile>
    <ClCompile Include="..\Classes\GameSystems\ScoreSystem.cpp">
      <Filter>GameSystems</Filter>
    </ClCompile>
    <ClCompile Include="..\Classes\GameObjects\ScoreType.cpp">
      <Filter>GameObjects</Filter>
    </ClCompile>
  </ItemGroup>
  <ItemGroup>
    <ClInclude Include="main.h">
      <Filter>win32</Filter>
    </ClInclude>
    <ClInclude Include="..\Classes\Asteroids.h">
      <Filter>Main</Filter>
    </ClInclude>
    <ClInclude Include="..\Classes\AppDelegate.h">
      <Filter>Main</Filter>
    </ClInclude>
    <ClInclude Include="..\Classes\Utilities\Utilities.h">
      <Filter>Utilities</Filter>
    </ClInclude>
    <ClInclude Include="..\Classes\Math\ExtendedMath.h">
      <Filter>Math</Filter>
    </ClInclude>
    <ClInclude Include="..\Classes\SpriteAnimationSystem\SpriteAnimation.h">
      <Filter>SpriteAnimationSystem</Filter>
    </ClInclude>
    <ClInclude Include="..\Classes\SpriteAnimationSystem\SpriteAnimationCollection.h">
      <Filter>SpriteAnimationSystem</Filter>
    </ClInclude>
    <ClInclude Include="..\Classes\SpriteAnimationSystem\SpriteAnimationType.h">
      <Filter>SpriteAnimationSystem</Filter>
    </ClInclude>
    <ClInclude Include="..\Classes\IO\FileReader.h">
      <Filter>IO</Filter>
    </ClInclude>
    <ClInclude Include="..\Classes\IO\FileReaderMode.h">
      <Filter>IO</Filter>
    </ClInclude>
    <ClInclude Include="..\Classes\GameObjects\Projectile.h">
      <Filter>GameObjects</Filter>
    </ClInclude>
    <ClInclude Include="..\Classes\GameObjects\RotationDirection.h">
      <Filter>GameObjects</Filter>
    </ClInclude>
    <ClInclude Include="..\Classes\GameObjects\SpaceShip.h">
      <Filter>GameObjects</Filter>
    </ClInclude>
    <ClInclude Include="..\Classes\GameObjects\SpaceShipColour.h">
      <Filter>GameObjects</Filter>
    </ClInclude>
    <ClInclude Include="..\Classes\GameObjects\SpaceShipMovementDirection.h">
      <Filter>GameObjects</Filter>
    </ClInclude>
    <ClInclude Include="..\Classes\Utilities\Colour.h">
      <Filter>Utilities</Filter>
    </ClInclude>
    <ClInclude Include="..\Classes\Entity\AnimatedEntity2D.h">
      <Filter>Entity</Filter>
    </ClInclude>
    <ClInclude Include="..\Classes\Entity\Entity.h">
      <Filter>Entity</Filter>
    </ClInclude>
    <ClInclude Include="..\Classes\Entity\Entity2D.h">
      <Filter>Entity</Filter>
    </ClInclude>
    <ClInclude Include="..\Classes\GameSystems\ProjectileSystem.h">
      <Filter>GameSystems</Filter>
    </ClInclude>
    <ClInclude Include="..\Classes\GameSystems\SpaceShipSystem.h">
      <Filter>GameSystems</Filter>
    </ClInclude>
    <ClInclude Include="..\Classes\GameObjects\Asteroid.h">
      <Filter>GameObjects</Filter>
    </ClInclude>
    <ClInclude Include="..\Classes\GameObjects\AsteroidType.h">
      <Filter>GameObjects</Filter>
    </ClInclude>
    <ClInclude Include="..\Classes\GameObjects\Explosion.h">
      <Filter>GameObjects</Filter>
    </ClInclude>
    <ClInclude Include="..\Classes\GameSystems\AsteroidSystem.h">
      <Filter>GameSystems</Filter>
    </ClInclude>
    <ClInclude Include="..\Classes\GameSystems\CollisionSystem.h">
      <Filter>GameSystems</Filter>
    </ClInclude>
    <ClInclude Include="..\Classes\GameSystems\ExplosionSystem.h">
      <Filter>GameSystems</Filter>
    </ClInclude>
    <ClInclude Include="..\Classes\GameSystems\ScoreSystem.h">
      <Filter>GameSystems</Filter>
    </ClInclude>
    <ClInclude Include="..\Classes\GameObjects\ScoreType.h">
      <Filter>GameObjects</Filter>
    </ClInclude>
  </ItemGroup>
  <ItemGroup>
    <ResourceCompile Include="game.rc">
      <Filter>resource</Filter>
    </ResourceCompile>
  </ItemGroup>
</Project>